
Microsoft Visual Studio Solution File, Format Version 12.00
# Visual Studio Version 16
VisualStudioVersion = 16.0.29009.5
MinimumVisualStudioVersion = 10.0.40219.1
Project("{FAE04EC0-301F-11D3-BF4B-00C04F79EFBC}") = "ApplicationWeb2", "ApplicationWeb2.csproj", "{BBE8D9C9-3D50-48F1-A836-E92AA21E1A4A}"
EndProject
Global
	GlobalSection(SolutionConfigurationPlatforms) = preSolution
		Debug|Any CPU = Debug|Any CPU
		Release|Any CPU = Release|Any CPU
	EndGlobalSection
	GlobalSection(ProjectConfigurationPlatforms) = postSolution
		{BBE8D9C9-3D50-48F1-A836-E92AA21E1A4A}.Debug|Any CPU.ActiveCfg = Debug|Any CPU
		{BBE8D9C9-3D50-48F1-A836-E92AA21E1A4A}.Debug|Any CPU.Build.0 = Debug|Any CPU
		{BBE8D9C9-3D50-48F1-A836-E92AA21E1A4A}.Release|Any CPU.ActiveCfg = Release|Any CPU
		{BBE8D9C9-3D50-48F1-A836-E92AA21E1A4A}.Release|Any CPU.Build.0 = Release|Any CPU
	EndGlobalSection
	GlobalSection(SolutionProperties) = preSolution
		HideSolutionNode = FALSE
	EndGlobalSection
	GlobalSection(ExtensibilityGlobals) = postSolution
		SolutionGuid = {13C27719-B05D-4AD9-8051-CDA2AB21524D}
	EndGlobalSection
EndGlobal
